
Microsoft Visual Studio Solution File, Format Version 12.00
# Visual Studio Version 17
VisualStudioVersion = 17.11.35327.3
MinimumVisualStudioVersion = 10.0.40219.1
Project("{9A19103F-16F7-4668-BE54-9A1E7A4F7556}") = "Programming 03 Assignment", "Programming 03 Assignment.csproj", "{C55A4B0D-F931-4FCB-BA89-3DD2A9590F3C}"
EndProject
Project("{FAE04EC0-301F-11D3-BF4B-00C04F79EFBC}") = "Project_Testing", "..\Project_Testing\Project_Testing.csproj", "{91921376-B374-4C29-AC45-BFA30057D853}"
EndProject
Global
	GlobalSection(SolutionConfigurationPlatforms) = preSolution
		Debug|Any CPU = Debug|Any CPU
		Release|Any CPU = Release|Any CPU
	EndGlobalSection
	GlobalSection(ProjectConfigurationPlatforms) = postSolution
		{C55A4B0D-F931-4FCB-BA89-3DD2A9590F3C}.Debug|Any CPU.ActiveCfg = Debug|Any CPU
		{C55A4B0D-F931-4FCB-BA89-3DD2A9590F3C}.Debug|Any CPU.Build.0 = Debug|Any CPU
		{C55A4B0D-F931-4FCB-BA89-3DD2A9590F3C}.Release|Any CPU.ActiveCfg = Release|Any CPU
		{C55A4B0D-F931-4FCB-BA89-3DD2A9590F3C}.Release|Any CPU.Build.0 = Release|Any CPU
		{91921376-B374-4C29-AC45-BFA30057D853}.Debug|Any CPU.ActiveCfg = Debug|Any CPU
		{91921376-B374-4C29-AC45-BFA30057D853}.Debug|Any CPU.Build.0 = Debug|Any CPU
		{91921376-B374-4C29-AC45-BFA30057D853}.Release|Any CPU.ActiveCfg = Release|Any CPU
		{91921376-B374-4C29-AC45-BFA30057D853}.Release|Any CPU.Build.0 = Release|Any CPU
	EndGlobalSection
	GlobalSection(SolutionProperties) = preSolution
		HideSolutionNode = FALSE
	EndGlobalSection
	GlobalSection(ExtensibilityGlobals) = postSolution
		SolutionGuid = {F761EB4E-EBE1-4DFF-AE1F-7CCB7AEED299}
	EndGlobalSection
EndGlobal
